
Microsoft Visual Studio Solution File, Format Version 12.00
# Visual Studio Version 17
VisualStudioVersion = 17.3.32929.385
MinimumVisualStudioVersion = 10.0.40219.1
Project("{FAE04EC0-301F-11D3-BF4B-00C04F79EFBC}") = "MinhaAPICore", "MinhaAPICore\MinhaAPICore.csproj", "{C851C8F5-59C1-46B1-84B7-07821134919F}"
EndProject
Global
	GlobalSection(SolutionConfigurationPlatforms) = preSolution
		Debug|Any CPU = Debug|Any CPU
		Release|Any CPU = Release|Any CPU
	EndGlobalSection
	GlobalSection(ProjectConfigurationPlatforms) = postSolution
		{C851C8F5-59C1-46B1-84B7-07821134919F}.Debug|Any CPU.ActiveCfg = Debug|Any CPU
		{C851C8F5-59C1-46B1-84B7-07821134919F}.Debug|Any CPU.Build.0 = Debug|Any CPU
		{C851C8F5-59C1-46B1-84B7-07821134919F}.Release|Any CPU.ActiveCfg = Release|Any CPU
		{C851C8F5-59C1-46B1-84B7-07821134919F}.Release|Any CPU.Build.0 = Release|Any CPU
	EndGlobalSection
	GlobalSection(SolutionProperties) = preSolution
		HideSolutionNode = FALSE
	EndGlobalSection
	GlobalSection(ExtensibilityGlobals) = postSolution
		SolutionGuid = {0E7F65E1-0302-461D-9B25-11E80E403FDA}
	EndGlobalSection
EndGlobal
