
Microsoft Visual Studio Solution File, Format Version 12.00
# Visual Studio Version 17
VisualStudioVersion = 17.3.32929.385
MinimumVisualStudioVersion = 10.0.40219.1
Project("{FAE04EC0-301F-11D3-BF4B-00C04F79EFBC}") = "Dev.Assuncao.API", "src\Dev.Assuncao.API\Dev.Assuncao.API.csproj", "{D775E131-66C6-4A06-8133-C59A423BD603}"
EndProject
Project("{FAE04EC0-301F-11D3-BF4B-00C04F79EFBC}") = "Dev.Assuncao.Business", "src\Dev.Assuncao.Business\Dev.Assuncao.Business.csproj", "{469E9A60-040D-491A-A378-0B0914CC2DB3}"
EndProject
Project("{FAE04EC0-301F-11D3-BF4B-00C04F79EFBC}") = "Dev.Assuncao.Data", "src\Dev.Assuncao.Data\Dev.Assuncao.Data.csproj", "{B8D14860-5FC8-497A-B361-05560BA2F0D3}"
EndProject
Global
	GlobalSection(SolutionConfigurationPlatforms) = preSolution
		Debug|Any CPU = Debug|Any CPU
		Release|Any CPU = Release|Any CPU
	EndGlobalSection
	GlobalSection(ProjectConfigurationPlatforms) = postSolution
		{D775E131-66C6-4A06-8133-C59A423BD603}.Debug|Any CPU.ActiveCfg = Debug|Any CPU
		{D775E131-66C6-4A06-8133-C59A423BD603}.Debug|Any CPU.Build.0 = Debug|Any CPU
		{D775E131-66C6-4A06-8133-C59A423BD603}.Release|Any CPU.ActiveCfg = Release|Any CPU
		{D775E131-66C6-4A06-8133-C59A423BD603}.Release|Any CPU.Build.0 = Release|Any CPU
		{469E9A60-040D-491A-A378-0B0914CC2DB3}.Debug|Any CPU.ActiveCfg = Debug|Any CPU
		{469E9A60-040D-491A-A378-0B0914CC2DB3}.Debug|Any CPU.Build.0 = Debug|Any CPU
		{469E9A60-040D-491A-A378-0B0914CC2DB3}.Release|Any CPU.ActiveCfg = Release|Any CPU
		{469E9A60-040D-491A-A378-0B0914CC2DB3}.Release|Any CPU.Build.0 = Release|Any CPU
		{B8D14860-5FC8-497A-B361-05560BA2F0D3}.Debug|Any CPU.ActiveCfg = Debug|Any CPU
		{B8D14860-5FC8-497A-B361-05560BA2F0D3}.Debug|Any CPU.Build.0 = Debug|Any CPU
		{B8D14860-5FC8-497A-B361-05560BA2F0D3}.Release|Any CPU.ActiveCfg = Release|Any CPU
		{B8D14860-5FC8-497A-B361-05560BA2F0D3}.Release|Any CPU.Build.0 = Release|Any CPU
	EndGlobalSection
	GlobalSection(SolutionProperties) = preSolution
		HideSolutionNode = FALSE
	EndGlobalSection
	GlobalSection(ExtensibilityGlobals) = postSolution
		SolutionGuid = {1A04B295-689C-449F-BCEC-DDA078C453CD}
	EndGlobalSection
EndGlobal
