
Microsoft Visual Studio Solution File, Format Version 12.00
# Visual Studio Version 17
VisualStudioVersion = 17.3.32929.385
MinimumVisualStudioVersion = 10.0.40219.1
Project("{FAE04EC0-301F-11D3-BF4B-00C04F79EFBC}") = "MinhaPrimeiraAPI", "MinhaPrimeiraAPI\MinhaPrimeiraAPI.csproj", "{5134C7AF-23C6-4B81-978B-AB90EEC55645}"
EndProject
Global
	GlobalSection(SolutionConfigurationPlatforms) = preSolution
		Debug|Any CPU = Debug|Any CPU
		Release|Any CPU = Release|Any CPU
	EndGlobalSection
	GlobalSection(ProjectConfigurationPlatforms) = postSolution
		{5134C7AF-23C6-4B81-978B-AB90EEC55645}.Debug|Any CPU.ActiveCfg = Debug|Any CPU
		{5134C7AF-23C6-4B81-978B-AB90EEC55645}.Debug|Any CPU.Build.0 = Debug|Any CPU
		{5134C7AF-23C6-4B81-978B-AB90EEC55645}.Release|Any CPU.ActiveCfg = Release|Any CPU
		{5134C7AF-23C6-4B81-978B-AB90EEC55645}.Release|Any CPU.Build.0 = Release|Any CPU
	EndGlobalSection
	GlobalSection(SolutionProperties) = preSolution
		HideSolutionNode = FALSE
	EndGlobalSection
	GlobalSection(ExtensibilityGlobals) = postSolution
		SolutionGuid = {2ED5BC97-FE5E-454C-BCC4-50696ABF000F}
	EndGlobalSection
EndGlobal
